
Microsoft Visual Studio Solution File, Format Version 12.00
# Visual Studio Version 17
VisualStudioVersion = 17.0.31903.59
MinimumVisualStudioVersion = 10.0.40219.1
Project("{2150E333-8FDC-42A3-9474-1A3956D46DE8}") = "src", "src", "{D7310892-315B-41FF-9672-653C4637CA7B}"
EndProject
Project("{FAE04EC0-301F-11D3-BF4B-00C04F79EFBC}") = "VladiCore.Api", "src\VladiCore.Api\VladiCore.Api.csproj", "{E58368DA-BD0B-40AC-93A7-48728CC6CB91}"
EndProject
Project("{FAE04EC0-301F-11D3-BF4B-00C04F79EFBC}") = "VladiCore.Domain", "src\VladiCore.Domain\VladiCore.Domain.csproj", "{4D27E70E-0625-4624-B125-05F018BD0084}"
EndProject
Project("{FAE04EC0-301F-11D3-BF4B-00C04F79EFBC}") = "VladiCore.App", "src\VladiCore.App\VladiCore.App.csproj", "{849B8944-CBD0-4B39-948D-F39F1CCEDE5C}"
EndProject
Project("{FAE04EC0-301F-11D3-BF4B-00C04F79EFBC}") = "VladiCore.Data", "src\VladiCore.Data\VladiCore.Data.csproj", "{82AF111E-555E-40AA-9688-04B136DD1F61}"
EndProject
Project("{2150E333-8FDC-42A3-9474-1A3956D46DE8}") = "tests", "tests", "{0945B5FA-EBBB-4440-94FC-B0B7B5FE06EC}"
EndProject
Project("{FAE04EC0-301F-11D3-BF4B-00C04F79EFBC}") = "VladiCore.Api.Tests", "tests\VladiCore.Api.Tests\VladiCore.Api.Tests.csproj", "{8ACD9919-F189-4843-9D98-B781E247B1FF}"
EndProject
Global
	GlobalSection(SolutionConfigurationPlatforms) = preSolution
		Debug|Any CPU = Debug|Any CPU
		Release|Any CPU = Release|Any CPU
	EndGlobalSection
	GlobalSection(SolutionProperties) = preSolution
		HideSolutionNode = FALSE
	EndGlobalSection
	GlobalSection(ProjectConfigurationPlatforms) = postSolution
		{E58368DA-BD0B-40AC-93A7-48728CC6CB91}.Debug|Any CPU.ActiveCfg = Debug|Any CPU
		{E58368DA-BD0B-40AC-93A7-48728CC6CB91}.Debug|Any CPU.Build.0 = Debug|Any CPU
		{E58368DA-BD0B-40AC-93A7-48728CC6CB91}.Release|Any CPU.ActiveCfg = Release|Any CPU
		{E58368DA-BD0B-40AC-93A7-48728CC6CB91}.Release|Any CPU.Build.0 = Release|Any CPU
		{4D27E70E-0625-4624-B125-05F018BD0084}.Debug|Any CPU.ActiveCfg = Debug|Any CPU
		{4D27E70E-0625-4624-B125-05F018BD0084}.Debug|Any CPU.Build.0 = Debug|Any CPU
		{4D27E70E-0625-4624-B125-05F018BD0084}.Release|Any CPU.ActiveCfg = Release|Any CPU
		{4D27E70E-0625-4624-B125-05F018BD0084}.Release|Any CPU.Build.0 = Release|Any CPU
		{849B8944-CBD0-4B39-948D-F39F1CCEDE5C}.Debug|Any CPU.ActiveCfg = Debug|Any CPU
		{849B8944-CBD0-4B39-948D-F39F1CCEDE5C}.Debug|Any CPU.Build.0 = Debug|Any CPU
		{849B8944-CBD0-4B39-948D-F39F1CCEDE5C}.Release|Any CPU.ActiveCfg = Release|Any CPU
		{849B8944-CBD0-4B39-948D-F39F1CCEDE5C}.Release|Any CPU.Build.0 = Release|Any CPU
		{82AF111E-555E-40AA-9688-04B136DD1F61}.Debug|Any CPU.ActiveCfg = Debug|Any CPU
		{82AF111E-555E-40AA-9688-04B136DD1F61}.Debug|Any CPU.Build.0 = Debug|Any CPU
		{82AF111E-555E-40AA-9688-04B136DD1F61}.Release|Any CPU.ActiveCfg = Release|Any CPU
		{82AF111E-555E-40AA-9688-04B136DD1F61}.Release|Any CPU.Build.0 = Release|Any CPU
		{8ACD9919-F189-4843-9D98-B781E247B1FF}.Debug|Any CPU.ActiveCfg = Debug|Any CPU
		{8ACD9919-F189-4843-9D98-B781E247B1FF}.Debug|Any CPU.Build.0 = Debug|Any CPU
		{8ACD9919-F189-4843-9D98-B781E247B1FF}.Release|Any CPU.ActiveCfg = Release|Any CPU
		{8ACD9919-F189-4843-9D98-B781E247B1FF}.Release|Any CPU.Build.0 = Release|Any CPU
	EndGlobalSection
	GlobalSection(NestedProjects) = preSolution
		{E58368DA-BD0B-40AC-93A7-48728CC6CB91} = {D7310892-315B-41FF-9672-653C4637CA7B}
		{4D27E70E-0625-4624-B125-05F018BD0084} = {D7310892-315B-41FF-9672-653C4637CA7B}
		{849B8944-CBD0-4B39-948D-F39F1CCEDE5C} = {D7310892-315B-41FF-9672-653C4637CA7B}
		{82AF111E-555E-40AA-9688-04B136DD1F61} = {D7310892-315B-41FF-9672-653C4637CA7B}
		{8ACD9919-F189-4843-9D98-B781E247B1FF} = {0945B5FA-EBBB-4440-94FC-B0B7B5FE06EC}
	EndGlobalSection
EndGlobal
